
Microsoft Visual Studio Solution File, Format Version 12.00
# Visual Studio Version 17
VisualStudioVersion = 17.4.33205.214
MinimumVisualStudioVersion = 10.0.40219.1
Project("{9A19103F-16F7-4668-BE54-9A1E7A4F7556}") = "MRK_NoteBook", "MRK_NoteBook.csproj", "{0E7C5B56-2DCE-4299-9419-4F78D8DEC25C}"
EndProject
Global
	GlobalSection(SolutionConfigurationPlatforms) = preSolution
		Debug|Any CPU = Debug|Any CPU
		Release|Any CPU = Release|Any CPU
	EndGlobalSection
	GlobalSection(ProjectConfigurationPlatforms) = postSolution
		{0E7C5B56-2DCE-4299-9419-4F78D8DEC25C}.Debug|Any CPU.ActiveCfg = Debug|Any CPU
		{0E7C5B56-2DCE-4299-9419-4F78D8DEC25C}.Debug|Any CPU.Build.0 = Debug|Any CPU
		{0E7C5B56-2DCE-4299-9419-4F78D8DEC25C}.Debug|Any CPU.Deploy.0 = Debug|Any CPU
		{0E7C5B56-2DCE-4299-9419-4F78D8DEC25C}.Release|Any CPU.ActiveCfg = Release|Any CPU
		{0E7C5B56-2DCE-4299-9419-4F78D8DEC25C}.Release|Any CPU.Build.0 = Release|Any CPU
		{0E7C5B56-2DCE-4299-9419-4F78D8DEC25C}.Release|Any CPU.Deploy.0 = Release|Any CPU
	EndGlobalSection
	GlobalSection(SolutionProperties) = preSolution
		HideSolutionNode = FALSE
	EndGlobalSection
	GlobalSection(ExtensibilityGlobals) = postSolution
		SolutionGuid = {537487A4-427F-4D9F-9770-2898181313D5}
	EndGlobalSection
EndGlobal
